
Microsoft Visual Studio Solution File, Format Version 12.00
# Visual Studio Version 17
VisualStudioVersion = 17.7.34202.233
MinimumVisualStudioVersion = 10.0.40219.1
Project("{2150E333-8FDC-42A3-9474-1A3956D46DE8}") = "src", "src", "{C6D02B02-BDD2-4C43-A093-7470610CBAE2}"
EndProject
Project("{9A19103F-16F7-4668-BE54-9A1E7A4F7556}") = "Himu.Home.HttpApi", "Himu.Home.HttpApi\Himu.Home.HttpApi.csproj", "{69E394EC-8911-44F4-B977-E3754D8BD8AC}"
EndProject
Project("{9A19103F-16F7-4668-BE54-9A1E7A4F7556}") = "Himu.EntityFramework.Core", "Himu.EntityFramework.Core\Himu.EntityFramework.Core.csproj", "{804BD0C1-4738-476D-B746-299D236139B6}"
EndProject
Project("{9A19103F-16F7-4668-BE54-9A1E7A4F7556}") = "Himu.Common.Service", "Himu.Common.Utility\Himu.Common.Service.csproj", "{E204A9E2-292E-4952-B41E-2327C3E6191E}"
EndProject
Global
	GlobalSection(SolutionConfigurationPlatforms) = preSolution
		Debug|Any CPU = Debug|Any CPU
		Release|Any CPU = Release|Any CPU
	EndGlobalSection
	GlobalSection(ProjectConfigurationPlatforms) = postSolution
		{69E394EC-8911-44F4-B977-E3754D8BD8AC}.Debug|Any CPU.ActiveCfg = Debug|Any CPU
		{69E394EC-8911-44F4-B977-E3754D8BD8AC}.Debug|Any CPU.Build.0 = Debug|Any CPU
		{69E394EC-8911-44F4-B977-E3754D8BD8AC}.Release|Any CPU.ActiveCfg = Release|Any CPU
		{69E394EC-8911-44F4-B977-E3754D8BD8AC}.Release|Any CPU.Build.0 = Release|Any CPU
		{804BD0C1-4738-476D-B746-299D236139B6}.Debug|Any CPU.ActiveCfg = Debug|Any CPU
		{804BD0C1-4738-476D-B746-299D236139B6}.Debug|Any CPU.Build.0 = Debug|Any CPU
		{804BD0C1-4738-476D-B746-299D236139B6}.Release|Any CPU.ActiveCfg = Release|Any CPU
		{804BD0C1-4738-476D-B746-299D236139B6}.Release|Any CPU.Build.0 = Release|Any CPU
		{E204A9E2-292E-4952-B41E-2327C3E6191E}.Debug|Any CPU.ActiveCfg = Debug|Any CPU
		{E204A9E2-292E-4952-B41E-2327C3E6191E}.Debug|Any CPU.Build.0 = Debug|Any CPU
		{E204A9E2-292E-4952-B41E-2327C3E6191E}.Release|Any CPU.ActiveCfg = Release|Any CPU
		{E204A9E2-292E-4952-B41E-2327C3E6191E}.Release|Any CPU.Build.0 = Release|Any CPU
	EndGlobalSection
	GlobalSection(SolutionProperties) = preSolution
		HideSolutionNode = FALSE
	EndGlobalSection
	GlobalSection(NestedProjects) = preSolution
		{69E394EC-8911-44F4-B977-E3754D8BD8AC} = {C6D02B02-BDD2-4C43-A093-7470610CBAE2}
		{804BD0C1-4738-476D-B746-299D236139B6} = {C6D02B02-BDD2-4C43-A093-7470610CBAE2}
		{E204A9E2-292E-4952-B41E-2327C3E6191E} = {C6D02B02-BDD2-4C43-A093-7470610CBAE2}
	EndGlobalSection
	GlobalSection(ExtensibilityGlobals) = postSolution
		SolutionGuid = {1781D03E-7DA3-4830-AA67-394970821369}
	EndGlobalSection
EndGlobal
